# This file is automatically @generated by Cargo.
# It is not intended for manual editing.
version = 3

[[package]]
name = "Helloworldsampleenclave"
version = "1.0.0"
dependencies = [
 "blake2",
 "hex",
 "ndarray",
 "rand",
 "rulinalg",
 "sgx_tstd",
 "sgx_types",
]

[[package]]
name = "autocfg"
version = "0.1.8"
source = "registry+https://github.com/rust-lang/crates.io-index"
checksum = "0dde43e75fd43e8a1bf86103336bc699aa8d17ad1be60c76c0bdfd4828e19b78"
dependencies = [
 "autocfg 1.1.0",
]

[[package]]
name = "autocfg"
version = "1.1.0"
source = "registry+https://github.com/rust-lang/crates.io-index"
checksum = "d468802bab17cbc0cc575e9b053f41e72aa36bfa6b7f55e3529ffa43161b97fa"

[[package]]
name = "blake2"
version = "0.8.1"
source = "git+https://github.com/mesalock-linux/rustcrypto-hashes-sgx.git#54ac4af765ec6b424add4e7559e82328bd052060"
dependencies = [
 "byte-tools",
 "crypto-mac",
 "digest",
 "opaque-debug",
 "sgx_tstd",
]

[[package]]
name = "byte-tools"
version = "0.3.1"
source = "git+https://github.com/mesalock-linux/rustcrypto-utils-sgx#07ebf780554e018037f750186d61ea9bdc031148"

[[package]]
name = "cc"
version = "1.0.74"
source = "registry+https://github.com/rust-lang/crates.io-index"
checksum = "581f5dba903aac52ea3feb5ec4810848460ee833876f1f9b0fdeab1f19091574"

[[package]]
name = "cfg-if"
version = "0.1.10"
source = "registry+https://github.com/rust-lang/crates.io-index"
checksum = "4785bdd1c96b2a846b2bd7cc02e86b6b3dbf14e7e53446c4f54c92a361040822"

[[package]]
name = "crypto-mac"
version = "0.8.0"
source = "git+https://github.com/mesalock-linux/rustcrypto-traits-sgx#7a5cb154f438c2401b3d8e37de96dd0acf8f493e"
dependencies = [
 "generic-array",
 "sgx_tstd",
 "subtle",
]

[[package]]
name = "digest"
version = "0.8.1"
source = "git+https://github.com/mesalock-linux/rustcrypto-traits-sgx#7a5cb154f438c2401b3d8e37de96dd0acf8f493e"
dependencies = [
 "generic-array",
 "sgx_tstd",
]

[[package]]
name = "generic-array"
version = "0.12.4"
source = "registry+https://github.com/rust-lang/crates.io-index"
checksum = "ffdf9f34f1447443d37393cc6c2b8313aebddcd96906caf34e54c68d8e57d7bd"
dependencies = [
 "typenum",
]

[[package]]
name = "getrandom"
version = "0.1.14"
source = "git+https://github.com/mesalock-linux/getrandom-sgx#0aa9cc20c7dea713ccaac2c44430d625a395ebae"
dependencies = [
 "cfg-if",
 "sgx_libc",
 "sgx_trts",
 "sgx_tstd",
]

[[package]]
name = "hashbrown_tstd"
version = "0.12.0"

[[package]]
name = "hex"
version = "0.4.0"
source = "git+https://github.com/mesalock-linux/rust-hex-sgx.git#ee3266cd29b9f9c2eb69af9487f55c4f09c38f2b"
dependencies = [
 "sgx_tstd",
]

[[package]]
name = "matrixmultiply"
version = "0.2.3"
source = "git+https://github.com/mesalock-linux/matrixmultiply-sgx#de5ff66d3bf592cd747868ae7cd89a421a2b09fe"
dependencies = [
 "rawpointer",
 "sgx_tstd",
]

[[package]]
name = "ndarray"
version = "0.13.0"
source = "git+https://github.com/mesalock-linux/ndarray-sgx.git#6b6038acb45173f64ac564a889220e628bd13210"
dependencies = [
 "matrixmultiply",
 "num-complex",
 "num-integer",
 "num-traits",
 "rawpointer",
 "sgx_tstd",
]

[[package]]
name = "num"
version = "0.2.0"
source = "git+https://github.com/mesalock-linux/num-sgx#22645415542cc67551890dfdd34f4d5638b9ec78"
dependencies = [
 "num-bigint",
 "num-complex",
 "num-integer",
 "num-iter",
 "num-rational",
 "num-traits",
]

[[package]]
name = "num-bigint"
version = "0.2.5"
source = "git+https://github.com/mesalock-linux/num-bigint-sgx#76a5bed94dc31c32bd1670dbf72877abcf9bbc09"
dependencies = [
 "autocfg 1.1.0",
 "num-integer",
 "num-traits",
 "sgx_tstd",
]

[[package]]
name = "num-complex"
version = "0.2.3"
source = "git+https://github.com/mesalock-linux/num-complex-sgx#19700ad6de079ebc5560db472c282d1591e0d84f"
dependencies = [
 "autocfg 0.1.8",
 "num-traits",
 "sgx_tstd",
]

[[package]]
name = "num-integer"
version = "0.1.41"
source = "git+https://github.com/mesalock-linux/num-integer-sgx#404c50e5378ca635261688b080dee328ff42b6bd"
dependencies = [
 "autocfg 0.1.8",
 "num-traits",
 "sgx_tstd",
]

[[package]]
name = "num-iter"
version = "0.1.39"
source = "git+https://github.com/mesalock-linux/num-iter-sgx#f19fc44fcad0b82a040e5a24c511e5049cc04b60"
dependencies = [
 "num-integer",
 "num-traits",
 "sgx_tstd",
]

[[package]]
name = "num-rational"
version = "0.2.2"
source = "git+https://github.com/mesalock-linux/num-rational-sgx#be65f9ce439f3c9ec850d8041635ab6c3309b816"
dependencies = [
 "autocfg 0.1.8",
 "num-bigint",
 "num-integer",
 "num-traits",
 "sgx_tstd",
]

[[package]]
name = "num-traits"
version = "0.2.10"
source = "git+https://github.com/mesalock-linux/num-traits-sgx#af046e0b15c594c960007418097dd4ff37ec3f7a"
dependencies = [
 "autocfg 0.1.8",
 "sgx_tstd",
]

[[package]]
name = "opaque-debug"
version = "0.2.3"
source = "registry+https://github.com/rust-lang/crates.io-index"
checksum = "2839e79665f131bdb5782e51f2c6c9599c133c6098982a54c794358bf432529c"

[[package]]
name = "ppv-lite86"
version = "0.2.6"
source = "git+https://github.com/mesalock-linux/cryptocorrosion-sgx#32d7de50b5f03a10fe5a42167410be2dd3c2e389"

[[package]]
name = "proc-macro2"
version = "1.0.47"
source = "registry+https://github.com/rust-lang/crates.io-index"
checksum = "5ea3d908b0e36316caf9e9e2c4625cdde190a7e6f440d794667ed17a1855e725"
dependencies = [
 "unicode-ident",
]

[[package]]
name = "quote"
version = "1.0.21"
source = "registry+https://github.com/rust-lang/crates.io-index"
checksum = "bbe448f377a7d6961e30f5955f9b8d106c3f5e449d493ee1b125c1d43c2b5179"
dependencies = [
 "proc-macro2",
]

[[package]]
name = "rand"
version = "0.7.3"
source = "git+https://github.com/mesalock-linux/rand-sgx.git#83583f073de3b4f75c3c3ef5e174d484ed941f85"
dependencies = [
 "getrandom",
 "rand_chacha",
 "rand_core",
 "sgx_tstd",
]

[[package]]
name = "rand_chacha"
version = "0.2.2"
source = "git+https://github.com/mesalock-linux/rand-sgx.git#83583f073de3b4f75c3c3ef5e174d484ed941f85"
dependencies = [
 "ppv-lite86",
 "rand_core",
 "sgx_tstd",
]

[[package]]
name = "rand_core"
version = "0.5.1"
source = "git+https://github.com/mesalock-linux/rand-sgx.git#83583f073de3b4f75c3c3ef5e174d484ed941f85"
dependencies = [
 "getrandom",
 "sgx_tstd",
]

[[package]]
name = "rawpointer"
version = "0.2.1"
source = "registry+https://github.com/rust-lang/crates.io-index"
checksum = "60a357793950651c4ed0f3f52338f53b2f809f32d83a07f72909fa13e4c6c1e3"

[[package]]
name = "rulinalg"
version = "0.4.2"
source = "git+https://github.com/mesalock-linux/rulinalg-sgx.git#36f12b4838597f32473ed2f360fc5fdd6eb0f421"
dependencies = [
 "matrixmultiply",
 "num",
 "serde",
 "serde_derive",
 "sgx_tstd",
]

[[package]]
name = "serde"
version = "1.0.118"
source = "git+https://github.com/mesalock-linux/serde-sgx#db0226f1d5d70fca6b96af2c285851502204e21c"
dependencies = [
 "sgx_tstd",
]

[[package]]
name = "serde_derive"
version = "1.0.118"
source = "git+https://github.com/mesalock-linux/serde-sgx#db0226f1d5d70fca6b96af2c285851502204e21c"
dependencies = [
 "proc-macro2",
 "quote",
 "syn",
]

[[package]]
name = "sgx_alloc"
version = "1.1.6"

[[package]]
name = "sgx_backtrace_sys"
version = "1.1.6"
dependencies = [
 "cc",
 "sgx_build_helper",
 "sgx_libc",
]

[[package]]
name = "sgx_build_helper"
version = "1.1.6"

[[package]]
name = "sgx_demangle"
version = "1.1.6"

[[package]]
name = "sgx_libc"
version = "1.1.6"
dependencies = [
 "sgx_types",
]

[[package]]
name = "sgx_tprotected_fs"
version = "1.1.6"
dependencies = [
 "sgx_trts",
 "sgx_types",
]

[[package]]
name = "sgx_trts"
version = "1.1.6"
dependencies = [
 "sgx_libc",
 "sgx_types",
]

[[package]]
name = "sgx_tstd"
version = "1.1.6"
dependencies = [
 "hashbrown_tstd",
 "sgx_alloc",
 "sgx_backtrace_sys",
 "sgx_demangle",
 "sgx_libc",
 "sgx_tprotected_fs",
 "sgx_trts",
 "sgx_types",
 "sgx_unwind",
]

[[package]]
name = "sgx_types"
version = "1.1.6"

[[package]]
name = "sgx_unwind"
version = "1.1.6"
dependencies = [
 "sgx_build_helper",
]

[[package]]
name = "subtle"
version = "2.2.2"
source = "git+https://github.com/mesalock-linux/subtle-sgx#8ee32fc0902a4594bd12e272357e2d76cde9dad1"
dependencies = [
 "sgx_tstd",
]

[[package]]
name = "syn"
version = "1.0.103"
source = "registry+https://github.com/rust-lang/crates.io-index"
checksum = "a864042229133ada95abf3b54fdc62ef5ccabe9515b64717bcb9a1919e59445d"
dependencies = [
 "proc-macro2",
 "quote",
 "unicode-ident",
]

[[package]]
name = "typenum"
version = "1.16.0"
source = "registry+https://github.com/rust-lang/crates.io-index"
checksum = "497961ef93d974e23eb6f433eb5fe1b7930b659f06d12dec6fc44a8f554c0bba"

[[package]]
name = "unicode-ident"
version = "1.0.5"
source = "registry+https://github.com/rust-lang/crates.io-index"
checksum = "6ceab39d59e4c9499d4e5a8ee0e2735b891bb7308ac83dfb4e80cad195c9f6f3"

[[patch.unused]]
name = "sgx_align_struct_attribute"
version = "1.1.6"

[[patch.unused]]
name = "sgx_backtrace"
version = "1.1.6"

[[patch.unused]]
name = "sgx_cov"
version = "1.1.6"

[[patch.unused]]
name = "sgx_crypto_helper"
version = "1.1.6"

[[patch.unused]]
name = "sgx_no_tstd"
version = "1.1.6"

[[patch.unused]]
name = "sgx_rand"
version = "1.1.6"

[[patch.unused]]
name = "sgx_rand_derive"
version = "1.1.6"

[[patch.unused]]
name = "sgx_serialize"
version = "1.1.6"

[[patch.unused]]
name = "sgx_serialize_derive"
version = "1.1.6"

[[patch.unused]]
name = "sgx_serialize_derive_internals"
version = "1.1.6"

[[patch.unused]]
name = "sgx_tcrypto"
version = "1.1.6"

[[patch.unused]]
name = "sgx_tcrypto_helper"
version = "1.1.6"

[[patch.unused]]
name = "sgx_tdh"
version = "1.1.6"

[[patch.unused]]
name = "sgx_tkey_exchange"
version = "1.1.6"

[[patch.unused]]
name = "sgx_tse"
version = "1.1.6"

[[patch.unused]]
name = "sgx_tseal"
version = "1.1.6"

[[patch.unused]]
name = "sgx_tunittest"
version = "1.1.6"
