# This file is automatically @generated by Cargo.
# It is not intended for manual editing.
version = 3

[[package]]
name = "Helloworldsampleenclave"
version = "1.0.0"
dependencies = [
 "ndarray",
 "sgx_tstd",
 "sgx_types",
]

[[package]]
name = "autocfg"
version = "0.1.8"
source = "registry+https://github.com/rust-lang/crates.io-index"
checksum = "0dde43e75fd43e8a1bf86103336bc699aa8d17ad1be60c76c0bdfd4828e19b78"
dependencies = [
 "autocfg 1.1.0",
]

[[package]]
name = "autocfg"
version = "1.1.0"
source = "registry+https://github.com/rust-lang/crates.io-index"
checksum = "d468802bab17cbc0cc575e9b053f41e72aa36bfa6b7f55e3529ffa43161b97fa"

[[package]]
name = "cc"
version = "1.0.74"
source = "registry+https://github.com/rust-lang/crates.io-index"
checksum = "581f5dba903aac52ea3feb5ec4810848460ee833876f1f9b0fdeab1f19091574"

[[package]]
name = "hashbrown_tstd"
version = "0.12.0"

[[package]]
name = "matrixmultiply"
version = "0.2.3"
source = "git+https://github.com/mesalock-linux/matrixmultiply-sgx#de5ff66d3bf592cd747868ae7cd89a421a2b09fe"
dependencies = [
 "rawpointer",
 "sgx_tstd",
]

[[package]]
name = "ndarray"
version = "0.13.0"
source = "git+https://github.com/mesalock-linux/ndarray-sgx.git#6b6038acb45173f64ac564a889220e628bd13210"
dependencies = [
 "matrixmultiply",
 "num-complex",
 "num-integer",
 "num-traits",
 "rawpointer",
 "sgx_tstd",
]

[[package]]
name = "num-complex"
version = "0.2.3"
source = "git+https://github.com/mesalock-linux/num-complex-sgx#19700ad6de079ebc5560db472c282d1591e0d84f"
dependencies = [
 "autocfg 0.1.8",
 "num-traits",
 "sgx_tstd",
]

[[package]]
name = "num-integer"
version = "0.1.41"
source = "git+https://github.com/mesalock-linux/num-integer-sgx#404c50e5378ca635261688b080dee328ff42b6bd"
dependencies = [
 "autocfg 0.1.8",
 "num-traits",
 "sgx_tstd",
]

[[package]]
name = "num-traits"
version = "0.2.10"
source = "git+https://github.com/mesalock-linux/num-traits-sgx#af046e0b15c594c960007418097dd4ff37ec3f7a"
dependencies = [
 "autocfg 0.1.8",
 "sgx_tstd",
]

[[package]]
name = "rawpointer"
version = "0.2.1"
source = "registry+https://github.com/rust-lang/crates.io-index"
checksum = "60a357793950651c4ed0f3f52338f53b2f809f32d83a07f72909fa13e4c6c1e3"

[[package]]
name = "sgx_alloc"
version = "1.1.5"

[[package]]
name = "sgx_backtrace_sys"
version = "1.1.5"
dependencies = [
 "cc",
 "sgx_build_helper",
 "sgx_libc",
]

[[package]]
name = "sgx_build_helper"
version = "1.1.5"

[[package]]
name = "sgx_demangle"
version = "1.1.5"

[[package]]
name = "sgx_libc"
version = "1.1.5"
dependencies = [
 "sgx_types",
]

[[package]]
name = "sgx_tprotected_fs"
version = "1.1.5"
dependencies = [
 "sgx_trts",
 "sgx_types",
]

[[package]]
name = "sgx_trts"
version = "1.1.5"
dependencies = [
 "sgx_libc",
 "sgx_types",
]

[[package]]
name = "sgx_tstd"
version = "1.1.5"
dependencies = [
 "hashbrown_tstd",
 "sgx_alloc",
 "sgx_backtrace_sys",
 "sgx_demangle",
 "sgx_libc",
 "sgx_tprotected_fs",
 "sgx_trts",
 "sgx_types",
 "sgx_unwind",
]

[[package]]
name = "sgx_types"
version = "1.1.5"

[[package]]
name = "sgx_unwind"
version = "1.1.5"
dependencies = [
 "sgx_build_helper",
]

[[patch.unused]]
name = "sgx_align_struct_attribute"
version = "1.1.5"

[[patch.unused]]
name = "sgx_backtrace"
version = "1.1.5"

[[patch.unused]]
name = "sgx_cov"
version = "1.1.5"

[[patch.unused]]
name = "sgx_crypto_helper"
version = "1.1.5"

[[patch.unused]]
name = "sgx_no_tstd"
version = "1.1.5"

[[patch.unused]]
name = "sgx_rand"
version = "1.1.5"

[[patch.unused]]
name = "sgx_rand_derive"
version = "1.1.5"

[[patch.unused]]
name = "sgx_serialize"
version = "1.1.5"

[[patch.unused]]
name = "sgx_serialize_derive"
version = "1.1.5"

[[patch.unused]]
name = "sgx_serialize_derive_internals"
version = "1.1.5"

[[patch.unused]]
name = "sgx_tcrypto"
version = "1.1.5"

[[patch.unused]]
name = "sgx_tcrypto_helper"
version = "1.1.5"

[[patch.unused]]
name = "sgx_tdh"
version = "1.1.5"

[[patch.unused]]
name = "sgx_tkey_exchange"
version = "1.1.5"

[[patch.unused]]
name = "sgx_tse"
version = "1.1.5"

[[patch.unused]]
name = "sgx_tseal"
version = "1.1.5"

[[patch.unused]]
name = "sgx_tunittest"
version = "1.1.5"
